
Microsoft Visual Studio Solution File, Format Version 12.00
# Visual Studio 15
VisualStudioVersion = 15.0.26403.7
MinimumVisualStudioVersion = 10.0.40219.1
Project("{FAE04EC0-301F-11D3-BF4B-00C04F79EFBC}") = "GpuStore.Domain", "GpuStore.Domain\GpuStore.Domain.csproj", "{BCB5B3B0-A3CF-4AF3-8974-A6BDD75C886E}"
EndProject
Project("{FAE04EC0-301F-11D3-BF4B-00C04F79EFBC}") = "GpuStore.WebUI", "GpuStore.WebUI\GpuStore.WebUI.csproj", "{64CCEDA9-A787-420C-8167-DB3D86033BB7}"
EndProject
Project("{FAE04EC0-301F-11D3-BF4B-00C04F79EFBC}") = "GpuStore.UnitTests", "GpuStore.UnitTests\GpuStore.UnitTests.csproj", "{46452BD0-5A92-40A7-A1FE-30BEBAB6D2A4}"
EndProject
Global
	GlobalSection(SolutionConfigurationPlatforms) = preSolution
		Debug|Any CPU = Debug|Any CPU
		Release|Any CPU = Release|Any CPU
	EndGlobalSection
	GlobalSection(ProjectConfigurationPlatforms) = postSolution
		{BCB5B3B0-A3CF-4AF3-8974-A6BDD75C886E}.Debug|Any CPU.ActiveCfg = Debug|Any CPU
		{BCB5B3B0-A3CF-4AF3-8974-A6BDD75C886E}.Debug|Any CPU.Build.0 = Debug|Any CPU
		{BCB5B3B0-A3CF-4AF3-8974-A6BDD75C886E}.Release|Any CPU.ActiveCfg = Release|Any CPU
		{BCB5B3B0-A3CF-4AF3-8974-A6BDD75C886E}.Release|Any CPU.Build.0 = Release|Any CPU
		{64CCEDA9-A787-420C-8167-DB3D86033BB7}.Debug|Any CPU.ActiveCfg = Debug|Any CPU
		{64CCEDA9-A787-420C-8167-DB3D86033BB7}.Debug|Any CPU.Build.0 = Debug|Any CPU
		{64CCEDA9-A787-420C-8167-DB3D86033BB7}.Release|Any CPU.ActiveCfg = Release|Any CPU
		{64CCEDA9-A787-420C-8167-DB3D86033BB7}.Release|Any CPU.Build.0 = Release|Any CPU
		{46452BD0-5A92-40A7-A1FE-30BEBAB6D2A4}.Debug|Any CPU.ActiveCfg = Debug|Any CPU
		{46452BD0-5A92-40A7-A1FE-30BEBAB6D2A4}.Debug|Any CPU.Build.0 = Debug|Any CPU
		{46452BD0-5A92-40A7-A1FE-30BEBAB6D2A4}.Release|Any CPU.ActiveCfg = Release|Any CPU
		{46452BD0-5A92-40A7-A1FE-30BEBAB6D2A4}.Release|Any CPU.Build.0 = Release|Any CPU
	EndGlobalSection
	GlobalSection(SolutionProperties) = preSolution
		HideSolutionNode = FALSE
	EndGlobalSection
EndGlobal
